
Microsoft Visual Studio Solution File, Format Version 12.00
# Visual Studio Version 17
VisualStudioVersion = 17.14.36414.22 d17.14
MinimumVisualStudioVersion = 10.0.40219.1
Project("{FAE04EC0-301F-11D3-BF4B-00C04F79EFBC}") = "DotnetApi", "DotnetApi\DotnetApi.csproj", "{D024C97A-1DD3-47C7-963E-0BED09F67B4D}"
EndProject
Project("{FAE04EC0-301F-11D3-BF4B-00C04F79EFBC}") = "Frontend", "Frontend\Frontend.csproj", "{33097224-7791-46A7-BF0F-D18CDFF5227B}"
EndProject
Global
	GlobalSection(SolutionConfigurationPlatforms) = preSolution
		Debug|Any CPU = Debug|Any CPU
		Release|Any CPU = Release|Any CPU
	EndGlobalSection
	GlobalSection(ProjectConfigurationPlatforms) = postSolution
		{D024C97A-1DD3-47C7-963E-0BED09F67B4D}.Debug|Any CPU.ActiveCfg = Debug|Any CPU
		{D024C97A-1DD3-47C7-963E-0BED09F67B4D}.Debug|Any CPU.Build.0 = Debug|Any CPU
		{D024C97A-1DD3-47C7-963E-0BED09F67B4D}.Release|Any CPU.ActiveCfg = Release|Any CPU
		{D024C97A-1DD3-47C7-963E-0BED09F67B4D}.Release|Any CPU.Build.0 = Release|Any CPU
		{33097224-7791-46A7-BF0F-D18CDFF5227B}.Debug|Any CPU.ActiveCfg = Debug|Any CPU
		{33097224-7791-46A7-BF0F-D18CDFF5227B}.Debug|Any CPU.Build.0 = Debug|Any CPU
		{33097224-7791-46A7-BF0F-D18CDFF5227B}.Release|Any CPU.ActiveCfg = Release|Any CPU
		{33097224-7791-46A7-BF0F-D18CDFF5227B}.Release|Any CPU.Build.0 = Release|Any CPU
	EndGlobalSection
	GlobalSection(SolutionProperties) = preSolution
		HideSolutionNode = FALSE
	EndGlobalSection
	GlobalSection(ExtensibilityGlobals) = postSolution
		SolutionGuid = {B7342E4B-6987-4F75-951C-C5855FBDC971}
	EndGlobalSection
EndGlobal
